
Microsoft Visual Studio Solution File, Format Version 12.00
# Visual Studio Version 17
VisualStudioVersion = 17.14.36616.10 d17.14
MinimumVisualStudioVersion = 10.0.40219.1
Project("{FAE04EC0-301F-11D3-BF4B-00C04F79EFBC}") = "ERP.UserAPI", "ERP.UserAPI\ERP.UserAPI.csproj", "{5F4F9528-16C7-4354-9047-0F568D9BE43A}"
EndProject
Global
	GlobalSection(SolutionConfigurationPlatforms) = preSolution
		Debug|Any CPU = Debug|Any CPU
		Release|Any CPU = Release|Any CPU
	EndGlobalSection
	GlobalSection(ProjectConfigurationPlatforms) = postSolution
		{5F4F9528-16C7-4354-9047-0F568D9BE43A}.Debug|Any CPU.ActiveCfg = Debug|Any CPU
		{5F4F9528-16C7-4354-9047-0F568D9BE43A}.Debug|Any CPU.Build.0 = Debug|Any CPU
		{5F4F9528-16C7-4354-9047-0F568D9BE43A}.Release|Any CPU.ActiveCfg = Release|Any CPU
		{5F4F9528-16C7-4354-9047-0F568D9BE43A}.Release|Any CPU.Build.0 = Release|Any CPU
	EndGlobalSection
	GlobalSection(SolutionProperties) = preSolution
		HideSolutionNode = FALSE
	EndGlobalSection
	GlobalSection(ExtensibilityGlobals) = postSolution
		SolutionGuid = {BB0390B4-1AB3-4E5E-B890-0F540C30268C}
	EndGlobalSection
EndGlobal
